
Microsoft Visual Studio Solution File, Format Version 12.00
# Visual Studio Version 16
VisualStudioVersion = 16.0.31019.35
MinimumVisualStudioVersion = 10.0.40219.1
Project("{FAE04EC0-301F-11D3-BF4B-00C04F79EFBC}") = "lab4", "lab4\lab4.csproj", "{8E4C714A-910E-43B1-A8E6-E391EED50313}"
EndProject
Global
	GlobalSection(SolutionConfigurationPlatforms) = preSolution
		Debug|Any CPU = Debug|Any CPU
		Release|Any CPU = Release|Any CPU
	EndGlobalSection
	GlobalSection(ProjectConfigurationPlatforms) = postSolution
		{8E4C714A-910E-43B1-A8E6-E391EED50313}.Debug|Any CPU.ActiveCfg = Debug|Any CPU
		{8E4C714A-910E-43B1-A8E6-E391EED50313}.Debug|Any CPU.Build.0 = Debug|Any CPU
		{8E4C714A-910E-43B1-A8E6-E391EED50313}.Release|Any CPU.ActiveCfg = Release|Any CPU
		{8E4C714A-910E-43B1-A8E6-E391EED50313}.Release|Any CPU.Build.0 = Release|Any CPU
	EndGlobalSection
	GlobalSection(SolutionProperties) = preSolution
		HideSolutionNode = FALSE
	EndGlobalSection
	GlobalSection(ExtensibilityGlobals) = postSolution
		SolutionGuid = {C741026C-8D1B-423E-B660-79880987CBF4}
	EndGlobalSection
EndGlobal
